
Microsoft Visual Studio Solution File, Format Version 12.00
# Visual Studio Version 16
VisualStudioVersion = 16.0.30114.105
MinimumVisualStudioVersion = 10.0.40219.1
Project("{9A19103F-16F7-4668-BE54-9A1E7A4F7556}") = "GBEmu.Console", "GBEmu.Console\GBEmu.Console.csproj", "{3512AE70-DB47-4B0E-A504-4712C303B792}"
EndProject
Project("{9A19103F-16F7-4668-BE54-9A1E7A4F7556}") = "GBEmu.Core", "GBEmu.Core\GBEmu.Core.csproj", "{42EC9DFD-421C-4048-A4FE-8BF3E5FD9E40}"
EndProject
Project("{9A19103F-16F7-4668-BE54-9A1E7A4F7556}") = "GBEmu.Core.Tests", "GBEmu.Core.Tests\GBEmu.Core.Tests.csproj", "{86245BFF-22D2-4C81-B158-6E413B0E0DCF}"
EndProject
Project("{9A19103F-16F7-4668-BE54-9A1E7A4F7556}") = "GBEmu.GUI", "GBEmu.GUI\GBEmu.GUI.csproj", "{F1E4EC6E-E6FD-4D51-85FC-359FC1BDFC5C}"
EndProject
Project("{FAE04EC0-301F-11D3-BF4B-00C04F79EFBC}") = "GBEmu.Win", "GBEmu.Win\GBEmu.Win.csproj", "{A540EA4D-A670-4B50-B7AA-730816F801B3}"
EndProject
Global
	GlobalSection(SolutionConfigurationPlatforms) = preSolution
		Debug|Any CPU = Debug|Any CPU
		Release|Any CPU = Release|Any CPU
	EndGlobalSection
	GlobalSection(ProjectConfigurationPlatforms) = postSolution
		{3512AE70-DB47-4B0E-A504-4712C303B792}.Debug|Any CPU.ActiveCfg = Debug|Any CPU
		{3512AE70-DB47-4B0E-A504-4712C303B792}.Debug|Any CPU.Build.0 = Debug|Any CPU
		{3512AE70-DB47-4B0E-A504-4712C303B792}.Release|Any CPU.ActiveCfg = Release|Any CPU
		{3512AE70-DB47-4B0E-A504-4712C303B792}.Release|Any CPU.Build.0 = Release|Any CPU
		{42EC9DFD-421C-4048-A4FE-8BF3E5FD9E40}.Debug|Any CPU.ActiveCfg = Debug|Any CPU
		{42EC9DFD-421C-4048-A4FE-8BF3E5FD9E40}.Debug|Any CPU.Build.0 = Debug|Any CPU
		{42EC9DFD-421C-4048-A4FE-8BF3E5FD9E40}.Release|Any CPU.ActiveCfg = Release|Any CPU
		{42EC9DFD-421C-4048-A4FE-8BF3E5FD9E40}.Release|Any CPU.Build.0 = Release|Any CPU
		{86245BFF-22D2-4C81-B158-6E413B0E0DCF}.Debug|Any CPU.ActiveCfg = Debug|Any CPU
		{86245BFF-22D2-4C81-B158-6E413B0E0DCF}.Debug|Any CPU.Build.0 = Debug|Any CPU
		{86245BFF-22D2-4C81-B158-6E413B0E0DCF}.Release|Any CPU.ActiveCfg = Release|Any CPU
		{86245BFF-22D2-4C81-B158-6E413B0E0DCF}.Release|Any CPU.Build.0 = Release|Any CPU
		{F1E4EC6E-E6FD-4D51-85FC-359FC1BDFC5C}.Debug|Any CPU.ActiveCfg = Debug|Any CPU
		{F1E4EC6E-E6FD-4D51-85FC-359FC1BDFC5C}.Debug|Any CPU.Build.0 = Debug|Any CPU
		{F1E4EC6E-E6FD-4D51-85FC-359FC1BDFC5C}.Release|Any CPU.ActiveCfg = Release|Any CPU
		{F1E4EC6E-E6FD-4D51-85FC-359FC1BDFC5C}.Release|Any CPU.Build.0 = Release|Any CPU
		{A540EA4D-A670-4B50-B7AA-730816F801B3}.Debug|Any CPU.ActiveCfg = Debug|Any CPU
		{A540EA4D-A670-4B50-B7AA-730816F801B3}.Debug|Any CPU.Build.0 = Debug|Any CPU
		{A540EA4D-A670-4B50-B7AA-730816F801B3}.Release|Any CPU.ActiveCfg = Release|Any CPU
		{A540EA4D-A670-4B50-B7AA-730816F801B3}.Release|Any CPU.Build.0 = Release|Any CPU
	EndGlobalSection
	GlobalSection(SolutionProperties) = preSolution
		HideSolutionNode = FALSE
	EndGlobalSection
	GlobalSection(ExtensibilityGlobals) = postSolution
		SolutionGuid = {51C8C84A-3FD6-412C-996C-18C10925BFBF}
	EndGlobalSection
EndGlobal
